
Microsoft Visual Studio Solution File, Format Version 12.00
# Visual Studio 2012
Project("{FAE04EC0-301F-11D3-BF4B-00C04F79EFBC}") = "SEO", "SEO\SEO.csproj", "{D19A671D-C2EC-4664-88FF-DFEF24858AC6}"
EndProject
Project("{FAE04EC0-301F-11D3-BF4B-00C04F79EFBC}") = "Operator", "Operator\Operator.csproj", "{669204B8-8D5C-4399-99B1-1B049207187C}"
EndProject
Project("{FAE04EC0-301F-11D3-BF4B-00C04F79EFBC}") = "Sims", "Sims\Sims.csproj", "{41F139A8-73A4-4658-8002-25DDE9BA540B}"
EndProject
Project("{FAE04EC0-301F-11D3-BF4B-00C04F79EFBC}") = "Package", "Package\Package.csproj", "{2E672CCD-5333-46FB-8329-054631EF6431}"
EndProject
Project("{FAE04EC0-301F-11D3-BF4B-00C04F79EFBC}") = "Language", "Language\Language.csproj", "{67562995-3F80-442C-AE4C-53224DA60358}"
EndProject
Project("{FAE04EC0-301F-11D3-BF4B-00C04F79EFBC}") = "m3i", "m3i\m3i.csproj", "{50559087-BF06-4B18-8270-8C5B5BA0A96C}"
EndProject
Global
	GlobalSection(SolutionConfigurationPlatforms) = preSolution
		CD_ROM|Any CPU = CD_ROM|Any CPU
		Debug|Any CPU = Debug|Any CPU
		DVD-5|Any CPU = DVD-5|Any CPU
		Release|Any CPU = Release|Any CPU
		SingleImage|Any CPU = SingleImage|Any CPU
	EndGlobalSection
	GlobalSection(ProjectConfigurationPlatforms) = postSolution
		{D19A671D-C2EC-4664-88FF-DFEF24858AC6}.CD_ROM|Any CPU.ActiveCfg = Release|Any CPU
		{D19A671D-C2EC-4664-88FF-DFEF24858AC6}.CD_ROM|Any CPU.Build.0 = Release|Any CPU
		{D19A671D-C2EC-4664-88FF-DFEF24858AC6}.Debug|Any CPU.ActiveCfg = Debug|Any CPU
		{D19A671D-C2EC-4664-88FF-DFEF24858AC6}.Debug|Any CPU.Build.0 = Debug|Any CPU
		{D19A671D-C2EC-4664-88FF-DFEF24858AC6}.DVD-5|Any CPU.ActiveCfg = Debug|Any CPU
		{D19A671D-C2EC-4664-88FF-DFEF24858AC6}.DVD-5|Any CPU.Build.0 = Debug|Any CPU
		{D19A671D-C2EC-4664-88FF-DFEF24858AC6}.Release|Any CPU.ActiveCfg = Release|Any CPU
		{D19A671D-C2EC-4664-88FF-DFEF24858AC6}.Release|Any CPU.Build.0 = Release|Any CPU
		{D19A671D-C2EC-4664-88FF-DFEF24858AC6}.SingleImage|Any CPU.ActiveCfg = Release|Any CPU
		{D19A671D-C2EC-4664-88FF-DFEF24858AC6}.SingleImage|Any CPU.Build.0 = Release|Any CPU
		{669204B8-8D5C-4399-99B1-1B049207187C}.CD_ROM|Any CPU.ActiveCfg = Release|Any CPU
		{669204B8-8D5C-4399-99B1-1B049207187C}.CD_ROM|Any CPU.Build.0 = Release|Any CPU
		{669204B8-8D5C-4399-99B1-1B049207187C}.Debug|Any CPU.ActiveCfg = Debug|Any CPU
		{669204B8-8D5C-4399-99B1-1B049207187C}.Debug|Any CPU.Build.0 = Debug|Any CPU
		{669204B8-8D5C-4399-99B1-1B049207187C}.DVD-5|Any CPU.ActiveCfg = Debug|Any CPU
		{669204B8-8D5C-4399-99B1-1B049207187C}.DVD-5|Any CPU.Build.0 = Debug|Any CPU
		{669204B8-8D5C-4399-99B1-1B049207187C}.Release|Any CPU.ActiveCfg = Release|Any CPU
		{669204B8-8D5C-4399-99B1-1B049207187C}.Release|Any CPU.Build.0 = Release|Any CPU
		{669204B8-8D5C-4399-99B1-1B049207187C}.SingleImage|Any CPU.ActiveCfg = Release|Any CPU
		{669204B8-8D5C-4399-99B1-1B049207187C}.SingleImage|Any CPU.Build.0 = Release|Any CPU
		{41F139A8-73A4-4658-8002-25DDE9BA540B}.CD_ROM|Any CPU.ActiveCfg = Release|Any CPU
		{41F139A8-73A4-4658-8002-25DDE9BA540B}.CD_ROM|Any CPU.Build.0 = Release|Any CPU
		{41F139A8-73A4-4658-8002-25DDE9BA540B}.Debug|Any CPU.ActiveCfg = Debug|Any CPU
		{41F139A8-73A4-4658-8002-25DDE9BA540B}.Debug|Any CPU.Build.0 = Debug|Any CPU
		{41F139A8-73A4-4658-8002-25DDE9BA540B}.DVD-5|Any CPU.ActiveCfg = Debug|Any CPU
		{41F139A8-73A4-4658-8002-25DDE9BA540B}.DVD-5|Any CPU.Build.0 = Debug|Any CPU
		{41F139A8-73A4-4658-8002-25DDE9BA540B}.Release|Any CPU.ActiveCfg = Release|Any CPU
		{41F139A8-73A4-4658-8002-25DDE9BA540B}.Release|Any CPU.Build.0 = Release|Any CPU
		{41F139A8-73A4-4658-8002-25DDE9BA540B}.SingleImage|Any CPU.ActiveCfg = Release|Any CPU
		{41F139A8-73A4-4658-8002-25DDE9BA540B}.SingleImage|Any CPU.Build.0 = Release|Any CPU
		{2E672CCD-5333-46FB-8329-054631EF6431}.CD_ROM|Any CPU.ActiveCfg = Release|Any CPU
		{2E672CCD-5333-46FB-8329-054631EF6431}.CD_ROM|Any CPU.Build.0 = Release|Any CPU
		{2E672CCD-5333-46FB-8329-054631EF6431}.Debug|Any CPU.ActiveCfg = Debug|Any CPU
		{2E672CCD-5333-46FB-8329-054631EF6431}.Debug|Any CPU.Build.0 = Debug|Any CPU
		{2E672CCD-5333-46FB-8329-054631EF6431}.DVD-5|Any CPU.ActiveCfg = Debug|Any CPU
		{2E672CCD-5333-46FB-8329-054631EF6431}.DVD-5|Any CPU.Build.0 = Debug|Any CPU
		{2E672CCD-5333-46FB-8329-054631EF6431}.Release|Any CPU.ActiveCfg = Release|Any CPU
		{2E672CCD-5333-46FB-8329-054631EF6431}.Release|Any CPU.Build.0 = Release|Any CPU
		{2E672CCD-5333-46FB-8329-054631EF6431}.SingleImage|Any CPU.ActiveCfg = Release|Any CPU
		{2E672CCD-5333-46FB-8329-054631EF6431}.SingleImage|Any CPU.Build.0 = Release|Any CPU
		{67562995-3F80-442C-AE4C-53224DA60358}.CD_ROM|Any CPU.ActiveCfg = Release|Any CPU
		{67562995-3F80-442C-AE4C-53224DA60358}.CD_ROM|Any CPU.Build.0 = Release|Any CPU
		{67562995-3F80-442C-AE4C-53224DA60358}.Debug|Any CPU.ActiveCfg = Debug|Any CPU
		{67562995-3F80-442C-AE4C-53224DA60358}.Debug|Any CPU.Build.0 = Debug|Any CPU
		{67562995-3F80-442C-AE4C-53224DA60358}.DVD-5|Any CPU.ActiveCfg = Debug|Any CPU
		{67562995-3F80-442C-AE4C-53224DA60358}.DVD-5|Any CPU.Build.0 = Debug|Any CPU
		{67562995-3F80-442C-AE4C-53224DA60358}.Release|Any CPU.ActiveCfg = Release|Any CPU
		{67562995-3F80-442C-AE4C-53224DA60358}.Release|Any CPU.Build.0 = Release|Any CPU
		{67562995-3F80-442C-AE4C-53224DA60358}.SingleImage|Any CPU.ActiveCfg = Release|Any CPU
		{67562995-3F80-442C-AE4C-53224DA60358}.SingleImage|Any CPU.Build.0 = Release|Any CPU
		{50559087-BF06-4B18-8270-8C5B5BA0A96C}.CD_ROM|Any CPU.ActiveCfg = Release|Any CPU
		{50559087-BF06-4B18-8270-8C5B5BA0A96C}.CD_ROM|Any CPU.Build.0 = Release|Any CPU
		{50559087-BF06-4B18-8270-8C5B5BA0A96C}.Debug|Any CPU.ActiveCfg = Debug|Any CPU
		{50559087-BF06-4B18-8270-8C5B5BA0A96C}.Debug|Any CPU.Build.0 = Debug|Any CPU
		{50559087-BF06-4B18-8270-8C5B5BA0A96C}.DVD-5|Any CPU.ActiveCfg = Debug|Any CPU
		{50559087-BF06-4B18-8270-8C5B5BA0A96C}.DVD-5|Any CPU.Build.0 = Debug|Any CPU
		{50559087-BF06-4B18-8270-8C5B5BA0A96C}.Release|Any CPU.ActiveCfg = Release|Any CPU
		{50559087-BF06-4B18-8270-8C5B5BA0A96C}.Release|Any CPU.Build.0 = Release|Any CPU
		{50559087-BF06-4B18-8270-8C5B5BA0A96C}.SingleImage|Any CPU.ActiveCfg = Release|Any CPU
		{50559087-BF06-4B18-8270-8C5B5BA0A96C}.SingleImage|Any CPU.Build.0 = Release|Any CPU
	EndGlobalSection
	GlobalSection(SolutionProperties) = preSolution
		HideSolutionNode = FALSE
	EndGlobalSection
EndGlobal
